
Microsoft Visual Studio Solution File, Format Version 11.00
# Visual Studio 2010
Project("{2150E333-8FDC-42A3-9474-1A3956D46DE8}") = "UnityPlugins", "UnityPlugins", "{DD4AED57-38DB-4FFC-9E1B-FCFB4358BDBF}"
EndProject
Project("{8BC9CEB8-8B4A-11D0-8D11-00A0C91BC942}") = "Recast", "Libraries\RecastNavigation\Recast\Recast.vcxproj", "{290BF831-4EF2-4EF7-BC56-AEDE3EDC67A1}"
EndProject
Project("{8BC9CEB8-8B4A-11D0-8D11-00A0C91BC942}") = "DetourTileCache", "Libraries\RecastNavigation\DetourTileCache\DetourTileCache.vcxproj", "{F28B1AEE-27FB-46AD-ADD6-40ECDDBC913F}"
EndProject
Project("{8BC9CEB8-8B4A-11D0-8D11-00A0C91BC942}") = "DetourCrowd", "Libraries\RecastNavigation\DetourCrowd\DetourCrowd.vcxproj", "{F0B231C9-E33A-4CBB-8D9C-7ABA52101AAA}"
EndProject
Project("{8BC9CEB8-8B4A-11D0-8D11-00A0C91BC942}") = "Detour", "Libraries\RecastNavigation\Detour\Detour.vcxproj", "{BEC7150F-4F74-4968-B9BB-C1E9CCA7B21C}"
EndProject
Project("{8BC9CEB8-8B4A-11D0-8D11-00A0C91BC942}") = "DebugUtils", "Libraries\RecastNavigation\DebugUtils\DebugUtils.vcxproj", "{62458FE4-EA56-4288-B989-F39D90A60EDA}"
EndProject
Project("{2150E333-8FDC-42A3-9474-1A3956D46DE8}") = "Libraries", "Libraries", "{07769348-D731-425C-8BB2-07932C6F5556}"
EndProject
Project("{2150E333-8FDC-42A3-9474-1A3956D46DE8}") = "RecastNavigation", "RecastNavigation", "{8ED5221D-0316-4C97-9FDB-BD55642A2706}"
EndProject
Project("{8BC9CEB8-8B4A-11D0-8D11-00A0C91BC942}") = "Navmesh_RecastDetour", "UnityPlugins\Navmesh_RecastDetour\Navmesh_RecastDetour.vcxproj", "{2D69E067-A08B-4797-A561-CFDF8776601A}"
EndProject
Project("{8BC9CEB8-8B4A-11D0-8D11-00A0C91BC942}") = "Steering_RecastDetour", "UnityPlugins\Steering_RecastDetour\Steering_RecastDetour.vcxproj", "{E0DC3F04-BB0B-4EA1-A77D-623CBEE131A1}"
EndProject
Global
	GlobalSection(SolutionConfigurationPlatforms) = preSolution
		Debug|Any CPU = Debug|Any CPU
		Debug|Mixed Platforms = Debug|Mixed Platforms
		Debug|Win32 = Debug|Win32
		Debug|x86 = Debug|x86
		MinSizeRel|Any CPU = MinSizeRel|Any CPU
		MinSizeRel|Mixed Platforms = MinSizeRel|Mixed Platforms
		MinSizeRel|Win32 = MinSizeRel|Win32
		MinSizeRel|x86 = MinSizeRel|x86
		Release|Any CPU = Release|Any CPU
		Release|Mixed Platforms = Release|Mixed Platforms
		Release|Win32 = Release|Win32
		Release|x86 = Release|x86
		RelWithDebInfo|Any CPU = RelWithDebInfo|Any CPU
		RelWithDebInfo|Mixed Platforms = RelWithDebInfo|Mixed Platforms
		RelWithDebInfo|Win32 = RelWithDebInfo|Win32
		RelWithDebInfo|x86 = RelWithDebInfo|x86
	EndGlobalSection
	GlobalSection(ProjectConfigurationPlatforms) = postSolution
		{290BF831-4EF2-4EF7-BC56-AEDE3EDC67A1}.Debug|Any CPU.ActiveCfg = Debug|Win32
		{290BF831-4EF2-4EF7-BC56-AEDE3EDC67A1}.Debug|Mixed Platforms.ActiveCfg = Debug|Win32
		{290BF831-4EF2-4EF7-BC56-AEDE3EDC67A1}.Debug|Mixed Platforms.Build.0 = Debug|Win32
		{290BF831-4EF2-4EF7-BC56-AEDE3EDC67A1}.Debug|Win32.ActiveCfg = Debug|Win32
		{290BF831-4EF2-4EF7-BC56-AEDE3EDC67A1}.Debug|Win32.Build.0 = Debug|Win32
		{290BF831-4EF2-4EF7-BC56-AEDE3EDC67A1}.Debug|x86.ActiveCfg = Debug|Win32
		{290BF831-4EF2-4EF7-BC56-AEDE3EDC67A1}.MinSizeRel|Any CPU.ActiveCfg = MinSizeRel|Win32
		{290BF831-4EF2-4EF7-BC56-AEDE3EDC67A1}.MinSizeRel|Mixed Platforms.ActiveCfg = MinSizeRel|Win32
		{290BF831-4EF2-4EF7-BC56-AEDE3EDC67A1}.MinSizeRel|Mixed Platforms.Build.0 = MinSizeRel|Win32
		{290BF831-4EF2-4EF7-BC56-AEDE3EDC67A1}.MinSizeRel|Win32.ActiveCfg = MinSizeRel|Win32
		{290BF831-4EF2-4EF7-BC56-AEDE3EDC67A1}.MinSizeRel|Win32.Build.0 = MinSizeRel|Win32
		{290BF831-4EF2-4EF7-BC56-AEDE3EDC67A1}.MinSizeRel|x86.ActiveCfg = MinSizeRel|Win32
		{290BF831-4EF2-4EF7-BC56-AEDE3EDC67A1}.Release|Any CPU.ActiveCfg = Release|Win32
		{290BF831-4EF2-4EF7-BC56-AEDE3EDC67A1}.Release|Mixed Platforms.ActiveCfg = Release|Win32
		{290BF831-4EF2-4EF7-BC56-AEDE3EDC67A1}.Release|Mixed Platforms.Build.0 = Release|Win32
		{290BF831-4EF2-4EF7-BC56-AEDE3EDC67A1}.Release|Win32.ActiveCfg = Release|Win32
		{290BF831-4EF2-4EF7-BC56-AEDE3EDC67A1}.Release|Win32.Build.0 = Release|Win32
		{290BF831-4EF2-4EF7-BC56-AEDE3EDC67A1}.Release|x86.ActiveCfg = Release|Win32
		{290BF831-4EF2-4EF7-BC56-AEDE3EDC67A1}.RelWithDebInfo|Any CPU.ActiveCfg = RelWithDebInfo|Win32
		{290BF831-4EF2-4EF7-BC56-AEDE3EDC67A1}.RelWithDebInfo|Mixed Platforms.ActiveCfg = RelWithDebInfo|Win32
		{290BF831-4EF2-4EF7-BC56-AEDE3EDC67A1}.RelWithDebInfo|Mixed Platforms.Build.0 = RelWithDebInfo|Win32
		{290BF831-4EF2-4EF7-BC56-AEDE3EDC67A1}.RelWithDebInfo|Win32.ActiveCfg = RelWithDebInfo|Win32
		{290BF831-4EF2-4EF7-BC56-AEDE3EDC67A1}.RelWithDebInfo|Win32.Build.0 = RelWithDebInfo|Win32
		{290BF831-4EF2-4EF7-BC56-AEDE3EDC67A1}.RelWithDebInfo|x86.ActiveCfg = RelWithDebInfo|Win32
		{F28B1AEE-27FB-46AD-ADD6-40ECDDBC913F}.Debug|Any CPU.ActiveCfg = Debug|Win32
		{F28B1AEE-27FB-46AD-ADD6-40ECDDBC913F}.Debug|Mixed Platforms.ActiveCfg = Debug|Win32
		{F28B1AEE-27FB-46AD-ADD6-40ECDDBC913F}.Debug|Mixed Platforms.Build.0 = Debug|Win32
		{F28B1AEE-27FB-46AD-ADD6-40ECDDBC913F}.Debug|Win32.ActiveCfg = Debug|Win32
		{F28B1AEE-27FB-46AD-ADD6-40ECDDBC913F}.Debug|Win32.Build.0 = Debug|Win32
		{F28B1AEE-27FB-46AD-ADD6-40ECDDBC913F}.Debug|x86.ActiveCfg = Debug|Win32
		{F28B1AEE-27FB-46AD-ADD6-40ECDDBC913F}.MinSizeRel|Any CPU.ActiveCfg = MinSizeRel|Win32
		{F28B1AEE-27FB-46AD-ADD6-40ECDDBC913F}.MinSizeRel|Mixed Platforms.ActiveCfg = MinSizeRel|Win32
		{F28B1AEE-27FB-46AD-ADD6-40ECDDBC913F}.MinSizeRel|Mixed Platforms.Build.0 = MinSizeRel|Win32
		{F28B1AEE-27FB-46AD-ADD6-40ECDDBC913F}.MinSizeRel|Win32.ActiveCfg = MinSizeRel|Win32
		{F28B1AEE-27FB-46AD-ADD6-40ECDDBC913F}.MinSizeRel|Win32.Build.0 = MinSizeRel|Win32
		{F28B1AEE-27FB-46AD-ADD6-40ECDDBC913F}.MinSizeRel|x86.ActiveCfg = MinSizeRel|Win32
		{F28B1AEE-27FB-46AD-ADD6-40ECDDBC913F}.Release|Any CPU.ActiveCfg = Release|Win32
		{F28B1AEE-27FB-46AD-ADD6-40ECDDBC913F}.Release|Mixed Platforms.ActiveCfg = Release|Win32
		{F28B1AEE-27FB-46AD-ADD6-40ECDDBC913F}.Release|Mixed Platforms.Build.0 = Release|Win32
		{F28B1AEE-27FB-46AD-ADD6-40ECDDBC913F}.Release|Win32.ActiveCfg = Release|Win32
		{F28B1AEE-27FB-46AD-ADD6-40ECDDBC913F}.Release|Win32.Build.0 = Release|Win32
		{F28B1AEE-27FB-46AD-ADD6-40ECDDBC913F}.Release|x86.ActiveCfg = Release|Win32
		{F28B1AEE-27FB-46AD-ADD6-40ECDDBC913F}.RelWithDebInfo|Any CPU.ActiveCfg = RelWithDebInfo|Win32
		{F28B1AEE-27FB-46AD-ADD6-40ECDDBC913F}.RelWithDebInfo|Mixed Platforms.ActiveCfg = RelWithDebInfo|Win32
		{F28B1AEE-27FB-46AD-ADD6-40ECDDBC913F}.RelWithDebInfo|Mixed Platforms.Build.0 = RelWithDebInfo|Win32
		{F28B1AEE-27FB-46AD-ADD6-40ECDDBC913F}.RelWithDebInfo|Win32.ActiveCfg = RelWithDebInfo|Win32
		{F28B1AEE-27FB-46AD-ADD6-40ECDDBC913F}.RelWithDebInfo|Win32.Build.0 = RelWithDebInfo|Win32
		{F28B1AEE-27FB-46AD-ADD6-40ECDDBC913F}.RelWithDebInfo|x86.ActiveCfg = RelWithDebInfo|Win32
		{F0B231C9-E33A-4CBB-8D9C-7ABA52101AAA}.Debug|Any CPU.ActiveCfg = Debug|Win32
		{F0B231C9-E33A-4CBB-8D9C-7ABA52101AAA}.Debug|Mixed Platforms.ActiveCfg = Debug|Win32
		{F0B231C9-E33A-4CBB-8D9C-7ABA52101AAA}.Debug|Mixed Platforms.Build.0 = Debug|Win32
		{F0B231C9-E33A-4CBB-8D9C-7ABA52101AAA}.Debug|Win32.ActiveCfg = Debug|Win32
		{F0B231C9-E33A-4CBB-8D9C-7ABA52101AAA}.Debug|Win32.Build.0 = Debug|Win32
		{F0B231C9-E33A-4CBB-8D9C-7ABA52101AAA}.Debug|x86.ActiveCfg = Debug|Win32
		{F0B231C9-E33A-4CBB-8D9C-7ABA52101AAA}.MinSizeRel|Any CPU.ActiveCfg = MinSizeRel|Win32
		{F0B231C9-E33A-4CBB-8D9C-7ABA52101AAA}.MinSizeRel|Mixed Platforms.ActiveCfg = MinSizeRel|Win32
		{F0B231C9-E33A-4CBB-8D9C-7ABA52101AAA}.MinSizeRel|Mixed Platforms.Build.0 = MinSizeRel|Win32
		{F0B231C9-E33A-4CBB-8D9C-7ABA52101AAA}.MinSizeRel|Win32.ActiveCfg = MinSizeRel|Win32
		{F0B231C9-E33A-4CBB-8D9C-7ABA52101AAA}.MinSizeRel|Win32.Build.0 = MinSizeRel|Win32
		{F0B231C9-E33A-4CBB-8D9C-7ABA52101AAA}.MinSizeRel|x86.ActiveCfg = MinSizeRel|Win32
		{F0B231C9-E33A-4CBB-8D9C-7ABA52101AAA}.Release|Any CPU.ActiveCfg = Release|Win32
		{F0B231C9-E33A-4CBB-8D9C-7ABA52101AAA}.Release|Mixed Platforms.ActiveCfg = Release|Win32
		{F0B231C9-E33A-4CBB-8D9C-7ABA52101AAA}.Release|Mixed Platforms.Build.0 = Release|Win32
		{F0B231C9-E33A-4CBB-8D9C-7ABA52101AAA}.Release|Win32.ActiveCfg = Release|Win32
		{F0B231C9-E33A-4CBB-8D9C-7ABA52101AAA}.Release|Win32.Build.0 = Release|Win32
		{F0B231C9-E33A-4CBB-8D9C-7ABA52101AAA}.Release|x86.ActiveCfg = Release|Win32
		{F0B231C9-E33A-4CBB-8D9C-7ABA52101AAA}.RelWithDebInfo|Any CPU.ActiveCfg = RelWithDebInfo|Win32
		{F0B231C9-E33A-4CBB-8D9C-7ABA52101AAA}.RelWithDebInfo|Mixed Platforms.ActiveCfg = RelWithDebInfo|Win32
		{F0B231C9-E33A-4CBB-8D9C-7ABA52101AAA}.RelWithDebInfo|Mixed Platforms.Build.0 = RelWithDebInfo|Win32
		{F0B231C9-E33A-4CBB-8D9C-7ABA52101AAA}.RelWithDebInfo|Win32.ActiveCfg = RelWithDebInfo|Win32
		{F0B231C9-E33A-4CBB-8D9C-7ABA52101AAA}.RelWithDebInfo|Win32.Build.0 = RelWithDebInfo|Win32
		{F0B231C9-E33A-4CBB-8D9C-7ABA52101AAA}.RelWithDebInfo|x86.ActiveCfg = RelWithDebInfo|Win32
		{BEC7150F-4F74-4968-B9BB-C1E9CCA7B21C}.Debug|Any CPU.ActiveCfg = Debug|Win32
		{BEC7150F-4F74-4968-B9BB-C1E9CCA7B21C}.Debug|Mixed Platforms.ActiveCfg = Debug|Win32
		{BEC7150F-4F74-4968-B9BB-C1E9CCA7B21C}.Debug|Mixed Platforms.Build.0 = Debug|Win32
		{BEC7150F-4F74-4968-B9BB-C1E9CCA7B21C}.Debug|Win32.ActiveCfg = Debug|Win32
		{BEC7150F-4F74-4968-B9BB-C1E9CCA7B21C}.Debug|Win32.Build.0 = Debug|Win32
		{BEC7150F-4F74-4968-B9BB-C1E9CCA7B21C}.Debug|x86.ActiveCfg = Debug|Win32
		{BEC7150F-4F74-4968-B9BB-C1E9CCA7B21C}.MinSizeRel|Any CPU.ActiveCfg = MinSizeRel|Win32
		{BEC7150F-4F74-4968-B9BB-C1E9CCA7B21C}.MinSizeRel|Mixed Platforms.ActiveCfg = MinSizeRel|Win32
		{BEC7150F-4F74-4968-B9BB-C1E9CCA7B21C}.MinSizeRel|Mixed Platforms.Build.0 = MinSizeRel|Win32
		{BEC7150F-4F74-4968-B9BB-C1E9CCA7B21C}.MinSizeRel|Win32.ActiveCfg = MinSizeRel|Win32
		{BEC7150F-4F74-4968-B9BB-C1E9CCA7B21C}.MinSizeRel|Win32.Build.0 = MinSizeRel|Win32
		{BEC7150F-4F74-4968-B9BB-C1E9CCA7B21C}.MinSizeRel|x86.ActiveCfg = MinSizeRel|Win32
		{BEC7150F-4F74-4968-B9BB-C1E9CCA7B21C}.Release|Any CPU.ActiveCfg = Release|Win32
		{BEC7150F-4F74-4968-B9BB-C1E9CCA7B21C}.Release|Mixed Platforms.ActiveCfg = Release|Win32
		{BEC7150F-4F74-4968-B9BB-C1E9CCA7B21C}.Release|Mixed Platforms.Build.0 = Release|Win32
		{BEC7150F-4F74-4968-B9BB-C1E9CCA7B21C}.Release|Win32.ActiveCfg = Release|Win32
		{BEC7150F-4F74-4968-B9BB-C1E9CCA7B21C}.Release|Win32.Build.0 = Release|Win32
		{BEC7150F-4F74-4968-B9BB-C1E9CCA7B21C}.Release|x86.ActiveCfg = Release|Win32
		{BEC7150F-4F74-4968-B9BB-C1E9CCA7B21C}.RelWithDebInfo|Any CPU.ActiveCfg = RelWithDebInfo|Win32
		{BEC7150F-4F74-4968-B9BB-C1E9CCA7B21C}.RelWithDebInfo|Mixed Platforms.ActiveCfg = RelWithDebInfo|Win32
		{BEC7150F-4F74-4968-B9BB-C1E9CCA7B21C}.RelWithDebInfo|Mixed Platforms.Build.0 = RelWithDebInfo|Win32
		{BEC7150F-4F74-4968-B9BB-C1E9CCA7B21C}.RelWithDebInfo|Win32.ActiveCfg = RelWithDebInfo|Win32
		{BEC7150F-4F74-4968-B9BB-C1E9CCA7B21C}.RelWithDebInfo|Win32.Build.0 = RelWithDebInfo|Win32
		{BEC7150F-4F74-4968-B9BB-C1E9CCA7B21C}.RelWithDebInfo|x86.ActiveCfg = RelWithDebInfo|Win32
		{62458FE4-EA56-4288-B989-F39D90A60EDA}.Debug|Any CPU.ActiveCfg = Debug|Win32
		{62458FE4-EA56-4288-B989-F39D90A60EDA}.Debug|Mixed Platforms.ActiveCfg = Debug|Win32
		{62458FE4-EA56-4288-B989-F39D90A60EDA}.Debug|Mixed Platforms.Build.0 = Debug|Win32
		{62458FE4-EA56-4288-B989-F39D90A60EDA}.Debug|Win32.ActiveCfg = Debug|Win32
		{62458FE4-EA56-4288-B989-F39D90A60EDA}.Debug|Win32.Build.0 = Debug|Win32
		{62458FE4-EA56-4288-B989-F39D90A60EDA}.Debug|x86.ActiveCfg = Debug|Win32
		{62458FE4-EA56-4288-B989-F39D90A60EDA}.MinSizeRel|Any CPU.ActiveCfg = MinSizeRel|Win32
		{62458FE4-EA56-4288-B989-F39D90A60EDA}.MinSizeRel|Mixed Platforms.ActiveCfg = MinSizeRel|Win32
		{62458FE4-EA56-4288-B989-F39D90A60EDA}.MinSizeRel|Mixed Platforms.Build.0 = MinSizeRel|Win32
		{62458FE4-EA56-4288-B989-F39D90A60EDA}.MinSizeRel|Win32.ActiveCfg = MinSizeRel|Win32
		{62458FE4-EA56-4288-B989-F39D90A60EDA}.MinSizeRel|Win32.Build.0 = MinSizeRel|Win32
		{62458FE4-EA56-4288-B989-F39D90A60EDA}.MinSizeRel|x86.ActiveCfg = MinSizeRel|Win32
		{62458FE4-EA56-4288-B989-F39D90A60EDA}.Release|Any CPU.ActiveCfg = Release|Win32
		{62458FE4-EA56-4288-B989-F39D90A60EDA}.Release|Mixed Platforms.ActiveCfg = Release|Win32
		{62458FE4-EA56-4288-B989-F39D90A60EDA}.Release|Mixed Platforms.Build.0 = Release|Win32
		{62458FE4-EA56-4288-B989-F39D90A60EDA}.Release|Win32.ActiveCfg = Release|Win32
		{62458FE4-EA56-4288-B989-F39D90A60EDA}.Release|Win32.Build.0 = Release|Win32
		{62458FE4-EA56-4288-B989-F39D90A60EDA}.Release|x86.ActiveCfg = Release|Win32
		{62458FE4-EA56-4288-B989-F39D90A60EDA}.RelWithDebInfo|Any CPU.ActiveCfg = RelWithDebInfo|Win32
		{62458FE4-EA56-4288-B989-F39D90A60EDA}.RelWithDebInfo|Mixed Platforms.ActiveCfg = RelWithDebInfo|Win32
		{62458FE4-EA56-4288-B989-F39D90A60EDA}.RelWithDebInfo|Mixed Platforms.Build.0 = RelWithDebInfo|Win32
		{62458FE4-EA56-4288-B989-F39D90A60EDA}.RelWithDebInfo|Win32.ActiveCfg = RelWithDebInfo|Win32
		{62458FE4-EA56-4288-B989-F39D90A60EDA}.RelWithDebInfo|Win32.Build.0 = RelWithDebInfo|Win32
		{62458FE4-EA56-4288-B989-F39D90A60EDA}.RelWithDebInfo|x86.ActiveCfg = RelWithDebInfo|Win32
		{2D69E067-A08B-4797-A561-CFDF8776601A}.Debug|Any CPU.ActiveCfg = Debug|Win32
		{2D69E067-A08B-4797-A561-CFDF8776601A}.Debug|Mixed Platforms.ActiveCfg = Debug|Win32
		{2D69E067-A08B-4797-A561-CFDF8776601A}.Debug|Mixed Platforms.Build.0 = Debug|Win32
		{2D69E067-A08B-4797-A561-CFDF8776601A}.Debug|Win32.ActiveCfg = Debug|Win32
		{2D69E067-A08B-4797-A561-CFDF8776601A}.Debug|Win32.Build.0 = Debug|Win32
		{2D69E067-A08B-4797-A561-CFDF8776601A}.Debug|x86.ActiveCfg = Debug|Win32
		{2D69E067-A08B-4797-A561-CFDF8776601A}.MinSizeRel|Any CPU.ActiveCfg = Release|Win32
		{2D69E067-A08B-4797-A561-CFDF8776601A}.MinSizeRel|Mixed Platforms.ActiveCfg = Release|Win32
		{2D69E067-A08B-4797-A561-CFDF8776601A}.MinSizeRel|Mixed Platforms.Build.0 = Release|Win32
		{2D69E067-A08B-4797-A561-CFDF8776601A}.MinSizeRel|Win32.ActiveCfg = Release|Win32
		{2D69E067-A08B-4797-A561-CFDF8776601A}.MinSizeRel|Win32.Build.0 = Release|Win32
		{2D69E067-A08B-4797-A561-CFDF8776601A}.MinSizeRel|x86.ActiveCfg = Release|Win32
		{2D69E067-A08B-4797-A561-CFDF8776601A}.Release|Any CPU.ActiveCfg = Release|Win32
		{2D69E067-A08B-4797-A561-CFDF8776601A}.Release|Mixed Platforms.ActiveCfg = Release|Win32
		{2D69E067-A08B-4797-A561-CFDF8776601A}.Release|Mixed Platforms.Build.0 = Release|Win32
		{2D69E067-A08B-4797-A561-CFDF8776601A}.Release|Win32.ActiveCfg = Release|Win32
		{2D69E067-A08B-4797-A561-CFDF8776601A}.Release|Win32.Build.0 = Release|Win32
		{2D69E067-A08B-4797-A561-CFDF8776601A}.Release|x86.ActiveCfg = Release|Win32
		{2D69E067-A08B-4797-A561-CFDF8776601A}.RelWithDebInfo|Any CPU.ActiveCfg = Release|Win32
		{2D69E067-A08B-4797-A561-CFDF8776601A}.RelWithDebInfo|Mixed Platforms.ActiveCfg = Release|Win32
		{2D69E067-A08B-4797-A561-CFDF8776601A}.RelWithDebInfo|Mixed Platforms.Build.0 = Release|Win32
		{2D69E067-A08B-4797-A561-CFDF8776601A}.RelWithDebInfo|Win32.ActiveCfg = Release|Win32
		{2D69E067-A08B-4797-A561-CFDF8776601A}.RelWithDebInfo|Win32.Build.0 = Release|Win32
		{2D69E067-A08B-4797-A561-CFDF8776601A}.RelWithDebInfo|x86.ActiveCfg = Release|Win32
		{E0DC3F04-BB0B-4EA1-A77D-623CBEE131A1}.Debug|Any CPU.ActiveCfg = Debug|Win32
		{E0DC3F04-BB0B-4EA1-A77D-623CBEE131A1}.Debug|Mixed Platforms.ActiveCfg = Debug|Win32
		{E0DC3F04-BB0B-4EA1-A77D-623CBEE131A1}.Debug|Mixed Platforms.Build.0 = Debug|Win32
		{E0DC3F04-BB0B-4EA1-A77D-623CBEE131A1}.Debug|Win32.ActiveCfg = Debug|Win32
		{E0DC3F04-BB0B-4EA1-A77D-623CBEE131A1}.Debug|Win32.Build.0 = Debug|Win32
		{E0DC3F04-BB0B-4EA1-A77D-623CBEE131A1}.Debug|x86.ActiveCfg = Debug|Win32
		{E0DC3F04-BB0B-4EA1-A77D-623CBEE131A1}.MinSizeRel|Any CPU.ActiveCfg = Release|Win32
		{E0DC3F04-BB0B-4EA1-A77D-623CBEE131A1}.MinSizeRel|Mixed Platforms.ActiveCfg = Release|Win32
		{E0DC3F04-BB0B-4EA1-A77D-623CBEE131A1}.MinSizeRel|Mixed Platforms.Build.0 = Release|Win32
		{E0DC3F04-BB0B-4EA1-A77D-623CBEE131A1}.MinSizeRel|Win32.ActiveCfg = Release|Win32
		{E0DC3F04-BB0B-4EA1-A77D-623CBEE131A1}.MinSizeRel|Win32.Build.0 = Release|Win32
		{E0DC3F04-BB0B-4EA1-A77D-623CBEE131A1}.MinSizeRel|x86.ActiveCfg = Release|Win32
		{E0DC3F04-BB0B-4EA1-A77D-623CBEE131A1}.Release|Any CPU.ActiveCfg = Release|Win32
		{E0DC3F04-BB0B-4EA1-A77D-623CBEE131A1}.Release|Mixed Platforms.ActiveCfg = Release|Win32
		{E0DC3F04-BB0B-4EA1-A77D-623CBEE131A1}.Release|Mixed Platforms.Build.0 = Release|Win32
		{E0DC3F04-BB0B-4EA1-A77D-623CBEE131A1}.Release|Win32.ActiveCfg = Release|Win32
		{E0DC3F04-BB0B-4EA1-A77D-623CBEE131A1}.Release|Win32.Build.0 = Release|Win32
		{E0DC3F04-BB0B-4EA1-A77D-623CBEE131A1}.Release|x86.ActiveCfg = Release|Win32
		{E0DC3F04-BB0B-4EA1-A77D-623CBEE131A1}.RelWithDebInfo|Any CPU.ActiveCfg = Release|Win32
		{E0DC3F04-BB0B-4EA1-A77D-623CBEE131A1}.RelWithDebInfo|Mixed Platforms.ActiveCfg = Release|Win32
		{E0DC3F04-BB0B-4EA1-A77D-623CBEE131A1}.RelWithDebInfo|Mixed Platforms.Build.0 = Release|Win32
		{E0DC3F04-BB0B-4EA1-A77D-623CBEE131A1}.RelWithDebInfo|Win32.ActiveCfg = Release|Win32
		{E0DC3F04-BB0B-4EA1-A77D-623CBEE131A1}.RelWithDebInfo|Win32.Build.0 = Release|Win32
		{E0DC3F04-BB0B-4EA1-A77D-623CBEE131A1}.RelWithDebInfo|x86.ActiveCfg = Release|Win32
	EndGlobalSection
	GlobalSection(SolutionProperties) = preSolution
		HideSolutionNode = FALSE
	EndGlobalSection
	GlobalSection(NestedProjects) = preSolution
		{2D69E067-A08B-4797-A561-CFDF8776601A} = {DD4AED57-38DB-4FFC-9E1B-FCFB4358BDBF}
		{E0DC3F04-BB0B-4EA1-A77D-623CBEE131A1} = {DD4AED57-38DB-4FFC-9E1B-FCFB4358BDBF}
		{8ED5221D-0316-4C97-9FDB-BD55642A2706} = {07769348-D731-425C-8BB2-07932C6F5556}
		{F0B231C9-E33A-4CBB-8D9C-7ABA52101AAA} = {8ED5221D-0316-4C97-9FDB-BD55642A2706}
		{BEC7150F-4F74-4968-B9BB-C1E9CCA7B21C} = {8ED5221D-0316-4C97-9FDB-BD55642A2706}
		{62458FE4-EA56-4288-B989-F39D90A60EDA} = {8ED5221D-0316-4C97-9FDB-BD55642A2706}
		{290BF831-4EF2-4EF7-BC56-AEDE3EDC67A1} = {8ED5221D-0316-4C97-9FDB-BD55642A2706}
		{F28B1AEE-27FB-46AD-ADD6-40ECDDBC913F} = {8ED5221D-0316-4C97-9FDB-BD55642A2706}
	EndGlobalSection
EndGlobal
