<?xml version="1.0" encoding="utf-8"?>
<Project ToolsVersion="4.0" xmlns="http://schemas.microsoft.com/developer/msbuild/2003">
  <ItemGroup>
    <Filter Include="Source Files">
      <UniqueIdentifier>{14c4c759-ea70-48fc-8ca2-e6057a484628}</UniqueIdentifier>
    </Filter>
    <Filter Include="Header Files">
      <UniqueIdentifier>{d6a72f48-74d7-4893-badb-17d97889a594}</UniqueIdentifier>
    </Filter>
  </ItemGroup>
  <ItemGroup>
    <ClInclude Include="Include\DetourCrowd.h">
      <Filter>Header Files</Filter>
    </ClInclude>
    <ClInclude Include="Include\DetourLocalBoundary.h">
      <Filter>Header Files</Filter>
    </ClInclude>
    <ClInclude Include="Include\DetourObstacleAvoidance.h">
      <Filter>Header Files</Filter>
    </ClInclude>
    <ClInclude Include="Include\DetourPathCorridor.h">
      <Filter>Header Files</Filter>
    </ClInclude>
    <ClInclude Include="Include\DetourPathQueue.h">
      <Filter>Header Files</Filter>
    </ClInclude>
    <ClInclude Include="Include\DetourProximityGrid.h">
      <Filter>Header Files</Filter>
    </ClInclude>
  </ItemGroup>
  <ItemGroup>
    <ClCompile Include="Source\DetourCrowd.cpp">
      <Filter>Source Files</Filter>
    </ClCompile>
    <ClCompile Include="Source\DetourLocalBoundary.cpp">
      <Filter>Source Files</Filter>
    </ClCompile>
    <ClCompile Include="Source\DetourObstacleAvoidance.cpp">
      <Filter>Source Files</Filter>
    </ClCompile>
    <ClCompile Include="Source\DetourPathCorridor.cpp">
      <Filter>Source Files</Filter>
    </ClCompile>
    <ClCompile Include="Source\DetourPathQueue.cpp">
      <Filter>Source Files</Filter>
    </ClCompile>
    <ClCompile Include="Source\DetourProximityGrid.cpp">
      <Filter>Source Files</Filter>
    </ClCompile>
  </ItemGroup>
</Project>